# THIS IS AN AUTOGENERATED FILE. DO NOT EDIT THIS FILE DIRECTLY.
# yarn lockfile v1


itty-fetcher@^0.9.4:
  version "0.9.4"
  resolved "https://registry.yarnpkg.com/itty-fetcher/-/itty-fetcher-0.9.4.tgz#39e586bd92a6796b94015a6ed8ff48cee954d8c4"
  integrity sha512-o5YpTmov46EbzTrrVpeR9sRK3itWa32VsV9Fv04CzzDm1ZvAXG0RoOGjT9ECOwyipheNf4eLTkstfbRtG8Epgg==

supergeneric@^2.1.0:
  version "2.1.0"
  resolved "https://registry.yarnpkg.com/supergeneric/-/supergeneric-2.1.0.tgz#830254889e79de869dfddda90d9c03f0682ed74b"
  integrity sha512-sWoMiLDWPbB/vdf0OTqRluzT9GaU7IMYHhe0wqNPALtIL2Z9GfSW22Xp/EaM2l9FVPyf+M1Ldb5TM8OhiViyjw==
